
Microsoft Visual Studio Solution File, Format Version 12.00
# Visual Studio Version 16
VisualStudioVersion = 16.0.31515.178
MinimumVisualStudioVersion = 10.0.40219.1
Project("{9A19103F-16F7-4668-BE54-9A1E7A4F7556}") = "VogCodeChallenge.API", "VogCodeChallenge.API\VogCodeChallenge.API.csproj", "{D3F8FC2B-9B1E-49B4-A907-7209B8311190}"
EndProject
Project("{E53339B2-1760-4266-BCC7-CA923CBCF16C}") = "docker-compose", "docker-compose.dcproj", "{165E8F03-364F-4C47-81BA-046FC3F4623C}"
EndProject
Project("{FAE04EC0-301F-11D3-BF4B-00C04F79EFBC}") = "QuestionClass", "QuestionClass\QuestionClass.csproj", "{3AB77207-75A6-42FC-B4F4-7EA0E9F38E0C}"
EndProject
Project("{FAE04EC0-301F-11D3-BF4B-00C04F79EFBC}") = "TestModule", "TestModule\TestModule.csproj", "{9870C73C-24EF-4417-B31B-AC6E0300B1A5}"
EndProject
Project("{9A19103F-16F7-4668-BE54-9A1E7A4F7556}") = "LambdaDynamoDb", "LambdaDynamoDb\LambdaDynamoDb.csproj", "{49D18F3E-070A-477E-8A70-5F04F74AFE40}"
EndProject
Global
	GlobalSection(SolutionConfigurationPlatforms) = preSolution
		Debug|Any CPU = Debug|Any CPU
		Release|Any CPU = Release|Any CPU
	EndGlobalSection
	GlobalSection(ProjectConfigurationPlatforms) = postSolution
		{D3F8FC2B-9B1E-49B4-A907-7209B8311190}.Debug|Any CPU.ActiveCfg = Debug|Any CPU
		{D3F8FC2B-9B1E-49B4-A907-7209B8311190}.Debug|Any CPU.Build.0 = Debug|Any CPU
		{D3F8FC2B-9B1E-49B4-A907-7209B8311190}.Release|Any CPU.ActiveCfg = Release|Any CPU
		{D3F8FC2B-9B1E-49B4-A907-7209B8311190}.Release|Any CPU.Build.0 = Release|Any CPU
		{165E8F03-364F-4C47-81BA-046FC3F4623C}.Debug|Any CPU.ActiveCfg = Debug|Any CPU
		{165E8F03-364F-4C47-81BA-046FC3F4623C}.Debug|Any CPU.Build.0 = Debug|Any CPU
		{165E8F03-364F-4C47-81BA-046FC3F4623C}.Release|Any CPU.ActiveCfg = Release|Any CPU
		{165E8F03-364F-4C47-81BA-046FC3F4623C}.Release|Any CPU.Build.0 = Release|Any CPU
		{3AB77207-75A6-42FC-B4F4-7EA0E9F38E0C}.Debug|Any CPU.ActiveCfg = Debug|Any CPU
		{3AB77207-75A6-42FC-B4F4-7EA0E9F38E0C}.Debug|Any CPU.Build.0 = Debug|Any CPU
		{3AB77207-75A6-42FC-B4F4-7EA0E9F38E0C}.Release|Any CPU.ActiveCfg = Release|Any CPU
		{3AB77207-75A6-42FC-B4F4-7EA0E9F38E0C}.Release|Any CPU.Build.0 = Release|Any CPU
		{9870C73C-24EF-4417-B31B-AC6E0300B1A5}.Debug|Any CPU.ActiveCfg = Debug|Any CPU
		{9870C73C-24EF-4417-B31B-AC6E0300B1A5}.Debug|Any CPU.Build.0 = Debug|Any CPU
		{9870C73C-24EF-4417-B31B-AC6E0300B1A5}.Release|Any CPU.ActiveCfg = Release|Any CPU
		{9870C73C-24EF-4417-B31B-AC6E0300B1A5}.Release|Any CPU.Build.0 = Release|Any CPU
		{49D18F3E-070A-477E-8A70-5F04F74AFE40}.Debug|Any CPU.ActiveCfg = Debug|Any CPU
		{49D18F3E-070A-477E-8A70-5F04F74AFE40}.Debug|Any CPU.Build.0 = Debug|Any CPU
		{49D18F3E-070A-477E-8A70-5F04F74AFE40}.Release|Any CPU.ActiveCfg = Release|Any CPU
		{49D18F3E-070A-477E-8A70-5F04F74AFE40}.Release|Any CPU.Build.0 = Release|Any CPU
	EndGlobalSection
	GlobalSection(SolutionProperties) = preSolution
		HideSolutionNode = FALSE
	EndGlobalSection
	GlobalSection(ExtensibilityGlobals) = postSolution
		SolutionGuid = {2C19C87F-F015-44CC-B1B1-DB381DA95926}
	EndGlobalSection
EndGlobal
